
Microsoft Visual Studio Solution File, Format Version 12.00
# Visual Studio 15
VisualStudioVersion = 15.0.28307.168
MinimumVisualStudioVersion = 10.0.40219.1
Project("{FAE04EC0-301F-11D3-BF4B-00C04F79EFBC}") = "HelloWorld", "HelloWorld\HelloWorld.csproj", "{CADB430A-0051-4189-B63D-E81487F6C2B4}"
EndProject
Global
	GlobalSection(SolutionConfigurationPlatforms) = preSolution
		Debug|Any CPU = Debug|Any CPU
		Release|Any CPU = Release|Any CPU
	EndGlobalSection
	GlobalSection(ProjectConfigurationPlatforms) = postSolution
		{CADB430A-0051-4189-B63D-E81487F6C2B4}.Debug|Any CPU.ActiveCfg = Debug|Any CPU
		{CADB430A-0051-4189-B63D-E81487F6C2B4}.Debug|Any CPU.Build.0 = Debug|Any CPU
		{CADB430A-0051-4189-B63D-E81487F6C2B4}.Release|Any CPU.ActiveCfg = Release|Any CPU
		{CADB430A-0051-4189-B63D-E81487F6C2B4}.Release|Any CPU.Build.0 = Release|Any CPU
	EndGlobalSection
	GlobalSection(SolutionProperties) = preSolution
		HideSolutionNode = FALSE
	EndGlobalSection
	GlobalSection(ExtensibilityGlobals) = postSolution
		SolutionGuid = {3AAB1B96-3E24-4B5F-A134-E4D29A2F84E0}
	EndGlobalSection
EndGlobal
